{
  "name": "memory-usage",
  "version": "0.0.1",
  "lockfileVersion": 1,
  "dependencies": {
    "@types/faker": {
      "version": "4.1.0",
      "resolved": "https://registry.npmjs.org/@types/faker/-/faker-4.1.0.tgz",
      "integrity": "sha1-dRzZlDanHXhW8z9l+cXljlvCcR4=",
      "dev": true
    },
    "@types/lodash": {
      "version": "4.14.64",
      "resolved": "https://registry.npmjs.org/@types/lodash/-/lodash-4.14.64.tgz",
      "integrity": "sha1-l5zzo9SjaGcIQL+bPkSNwz/+hO4=",
      "dev": true
    },
    "faker": {
      "version": "4.1.0",
      "resolved": "https://registry.npmjs.org/faker/-/faker-4.1.0.tgz",
      "integrity": "sha1-HkW7vsxndLPBlfrSg1EJxtdIzD8="
    },
    "lodash": {
      "version": "4.17.4",
      "resolved": "https://registry.npmjs.org/lodash/-/lodash-4.17.4.tgz",
      "integrity": "sha1-eCA6TRwyiuHYbcpkYONptX9AVa4="
    }
  }
}
